
Microsoft Visual Studio Solution File, Format Version 12.00
# Visual Studio Version 17
VisualStudioVersion = 17.14.36623.8
MinimumVisualStudioVersion = 10.0.40219.1
Project("{FAE04EC0-301F-11D3-BF4B-00C04F79EFBC}") = "FlowTrack.Domain", "FlowTrack.Domain\FlowTrack.Domain.csproj", "{8C7F8827-B3F8-4DDD-B73D-85522442A636}"
EndProject
Project("{FAE04EC0-301F-11D3-BF4B-00C04F79EFBC}") = "FlowTrack.Application", "FlowTrack.Application\FlowTrack.Application.csproj", "{BE48A0EA-3AA4-43E0-AC8D-D2C5113FF989}"
EndProject
Global
	GlobalSection(SolutionConfigurationPlatforms) = preSolution
		Debug|Any CPU = Debug|Any CPU
		Release|Any CPU = Release|Any CPU
	EndGlobalSection
	GlobalSection(ProjectConfigurationPlatforms) = postSolution
		{8C7F8827-B3F8-4DDD-B73D-85522442A636}.Debug|Any CPU.ActiveCfg = Debug|Any CPU
		{8C7F8827-B3F8-4DDD-B73D-85522442A636}.Debug|Any CPU.Build.0 = Debug|Any CPU
		{8C7F8827-B3F8-4DDD-B73D-85522442A636}.Release|Any CPU.ActiveCfg = Release|Any CPU
		{8C7F8827-B3F8-4DDD-B73D-85522442A636}.Release|Any CPU.Build.0 = Release|Any CPU
		{BE48A0EA-3AA4-43E0-AC8D-D2C5113FF989}.Debug|Any CPU.ActiveCfg = Debug|Any CPU
		{BE48A0EA-3AA4-43E0-AC8D-D2C5113FF989}.Debug|Any CPU.Build.0 = Debug|Any CPU
		{BE48A0EA-3AA4-43E0-AC8D-D2C5113FF989}.Release|Any CPU.ActiveCfg = Release|Any CPU
		{BE48A0EA-3AA4-43E0-AC8D-D2C5113FF989}.Release|Any CPU.Build.0 = Release|Any CPU
	EndGlobalSection
	GlobalSection(SolutionProperties) = preSolution
		HideSolutionNode = FALSE
	EndGlobalSection
	GlobalSection(ExtensibilityGlobals) = postSolution
		SolutionGuid = {7F589FC0-1BB7-4ECF-AB85-9F30337AC31C}
	EndGlobalSection
EndGlobal
